// !$*UTF8*$!
{
	archiveVersion = 1;
	classes = {
	};
	objectVersion = 50;
	objects = {

/* Begin PBXBuildFile section */
		37129896CC129F0170ADF971 /* Pods_MockingBird.framework in Frameworks */ = {isa = PBXBuildFile; fileRef = DD920A85A68204AD3BAE149C /* Pods_MockingBird.framework */; };
		B1EC4F9A222F3D1D00AB86A2 /* AppDelegate.swift in Sources */ = {isa = PBXBuildFile; fileRef = B1EC4F99222F3D1D00AB86A2 /* AppDelegate.swift */; };
		B1EC4F9C222F3D1D00AB86A2 /* ViewController.swift in Sources */ = {isa = PBXBuildFile; fileRef = B1EC4F9B222F3D1D00AB86A2 /* ViewController.swift */; };
		B1EC4F9F222F3D1D00AB86A2 /* Main.storyboard in Resources */ = {isa = PBXBuildFile; fileRef = B1EC4F9D222F3D1D00AB86A2 /* Main.storyboard */; };
		B1EC4FA1222F3D1E00AB86A2 /* Assets.xcassets in Resources */ = {isa = PBXBuildFile; fileRef = B1EC4FA0222F3D1E00AB86A2 /* Assets.xcassets */; };
		B1EC4FA4222F3D1E00AB86A2 /* LaunchScreen.storyboard in Resources */ = {isa = PBXBuildFile; fileRef = B1EC4FA2222F3D1E00AB86A2 /* LaunchScreen.storyboard */; };
/* End PBXBuildFile section */

/* Begin PBXFileReference section */
		666D4C9B52EA5C0BA2FB5B3F /* Pods-MockingBird.release.xcconfig */ = {isa = PBXFileReference; includeInIndex = 1; lastKnownFileType = text.xcconfig; name = "Pods-MockingBird.release.xcconfig"; path = "Target Support Files/Pods-MockingBird/Pods-MockingBird.release.xcconfig"; sourceTree = "<group>"; };
		B1EC4F96222F3D1D00AB86A2 /* MockingBird.app */ = {isa = PBXFileReference; explicitFileType = wrapper.application; includeInIndex = 0; path = MockingBird.app; sourceTree = BUILT_PRODUCTS_DIR; };
		B1EC4F99222F3D1D00AB86A2 /* AppDelegate.swift */ = {isa = PBXFileReference; lastKnownFileType = sourcecode.swift; path = AppDelegate.swift; sourceTree = "<group>"; };
		B1EC4F9B222F3D1D00AB86A2 /* ViewController.swift */ = {isa = PBXFileReference; lastKnownFileType = sourcecode.swift; path = ViewController.swift; sourceTree = "<group>"; };
		B1EC4F9E222F3D1D00AB86A2 /* Base */ = {isa = PBXFileReference; lastKnownFileType = file.storyboard; name = Base; path = Base.lproj/Main.storyboard; sourceTree = "<group>"; };
		B1EC4FA0222F3D1E00AB86A2 /* Assets.xcassets */ = {isa = PBXFileReference; lastKnownFileType = folder.assetcatalog; path = Assets.xcassets; sourceTree = "<group>"; };
		B1EC4FA3222F3D1E00AB86A2 /* Base */ = {isa = PBXFileReference; lastKnownFileType = file.storyboard; name = Base; path = Base.lproj/LaunchScreen.storyboard; sourceTree = "<group>"; };
		B1EC4FA5222F3D1E00AB86A2 /* Info.plist */ = {isa = PBXFileReference; lastKnownFileType = text.plist.xml; path = Info.plist; sourceTree = "<group>"; };
		C46ED854D6AA21586A02142B /* Pods-MockingBird.debug.xcconfig */ = {isa = PBXFileReference; includeInIndex = 1; lastKnownFileType = text.xcconfig; name = "Pods-MockingBird.debug.xcconfig"; path = "Target Support Files/Pods-MockingBird/Pods-MockingBird.debug.xcconfig"; sourceTree = "<group>"; };
		DD920A85A68204AD3BAE149C /* Pods_MockingBird.framework */ = {isa = PBXFileReference; explicitFileType = wrapper.framework; includeInIndex = 0; path = Pods_MockingBird.framework; sourceTree = BUILT_PRODUCTS_DIR; };
/* End PBXFileReference section */

/* Begin PBXFrameworksBuildPhase section */
		B1EC4F93222F3D1D00AB86A2 /* Frameworks */ = {
			isa = PBXFrameworksBuildPhase;
			buildActionMask = 2147483647;
			files = (
				37129896CC129F0170ADF971 /* Pods_MockingBird.framework in Frameworks */,
			);
			runOnlyForDeploymentPostprocessing = 0;
		};
/* End PBXFrameworksBuildPhase section */

/* Begin PBXGroup section */
		184D522385BA116963245C4A /* Pods */ = {
			isa = PBXGroup;
			children = (
				C46ED854D6AA21586A02142B /* Pods-MockingBird.debug.xcconfig */,
				666D4C9B52EA5C0BA2FB5B3F /* Pods-MockingBird.release.xcconfig */,
			);
			name = Pods;
			path = Pods;
			sourceTree = "<group>";
		};
		B1EC4F8D222F3D1D00AB86A2 = {
			isa = PBXGroup;
			children = (
				B1EC4F98222F3D1D00AB86A2 /* MockingBird */,
				B1EC4F97222F3D1D00AB86A2 /* Products */,
				184D522385BA116963245C4A /* Pods */,
				F14BA85ED6219B93D274D683 /* Frameworks */,
			);
			sourceTree = "<group>";
		};
		B1EC4F97222F3D1D00AB86A2 /* Products */ = {
			isa = PBXGroup;
			children = (
				B1EC4F96222F3D1D00AB86A2 /* MockingBird.app */,
			);
			name = Products;
			sourceTree = "<group>";
		};
		B1EC4F98222F3D1D00AB86A2 /* MockingBird */ = {
			isa = PBXGroup;
			children = (
				B1EC4F99222F3D1D00AB86A2 /* AppDelegate.swift */,
				B1EC4F9B222F3D1D00AB86A2 /* ViewController.swift */,
				B1EC4F9D222F3D1D00AB86A2 /* Main.storyboard */,
				B1EC4FA0222F3D1E00AB86A2 /* Assets.xcassets */,
				B1EC4FA2222F3D1E00AB86A2 /* LaunchScreen.storyboard */,
				B1EC4FA5222F3D1E00AB86A2 /* Info.plist */,
			);
			path = MockingBird;
			sourceTree = "<group>";
		};
		F14BA85ED6219B93D274D683 /* Frameworks */ = {
			isa = PBXGroup;
			children = (
				DD920A85A68204AD3BAE149C /* Pods_MockingBird.framework */,
			);
			name = Frameworks;
			sourceTree = "<group>";
		};
/* End PBXGroup section */

/* Begin PBXNativeTarget section */
		B1EC4F95222F3D1D00AB86A2 /* MockingBird */ = {
			isa = PBXNativeTarget;
			buildConfigurationList = B1EC4FA8222F3D1E00AB86A2 /* Build configuration list for PBXNativeTarget "MockingBird" */;
			buildPhases = (
				2C5ACE094DB282199E3900B8 /* [CP] Check Pods Manifest.lock */,
				B1EC4F92222F3D1D00AB86A2 /* Sources */,
				B1EC4F93222F3D1D00AB86A2 /* Frameworks */,
				B1EC4F94222F3D1D00AB86A2 /* Resources */,
				3BF046654F48F013D9FDD435 /* [CP] Embed Pods Frameworks */,
			);
			buildRules = (
			);
			dependencies = (
			);
			name = MockingBird;
			productName = MockingBird;
			productReference = B1EC4F96222F3D1D00AB86A2 /* MockingBird.app */;
			productType = "com.apple.product-type.application";
		};
/* End PBXNativeTarget section */

/* Begin PBXProject section */
		B1EC4F8E222F3D1D00AB86A2 /* Project object */ = {
			isa = PBXProject;
			attributes = {
				LastSwiftUpdateCheck = 1010;
				LastUpgradeCheck = 1010;
				ORGANIZATIONNAME = "Kim Page";
				TargetAttributes = {
					B1EC4F95222F3D1D00AB86A2 = {
						CreatedOnToolsVersion = 10.1;
					};
				};
			};
			buildConfigurationList = B1EC4F91222F3D1D00AB86A2 /* Build configuration list for PBXProject "MockingBird" */;
			compatibilityVersion = "Xcode 9.3";
			developmentRegion = en;
			hasScannedForEncodings = 0;
			knownRegions = (
				en,
				Base,
			);
			mainGroup = B1EC4F8D222F3D1D00AB86A2;
			productRefGroup = B1EC4F97222F3D1D00AB86A2 /* Products */;
			projectDirPath = "";
			projectRoot = "";
			targets = (
				B1EC4F95222F3D1D00AB86A2 /* MockingBird */,
			);
		};
/* End PBXProject section */

/* Begin PBXResourcesBuildPhase section */
		B1EC4F94222F3D1D00AB86A2 /* Resources */ = {
			isa = PBXResourcesBuildPhase;
			buildActionMask = 2147483647;
			files = (
				B1EC4FA4222F3D1E00AB86A2 /* LaunchScreen.storyboard in Resources */,
				B1EC4FA1222F3D1E00AB86A2 /* Assets.xcassets in Resources */,
				B1EC4F9F222F3D1D00AB86A2 /* Main.storyboard in Resources */,
			);
			runOnlyForDeploymentPostprocessing = 0;
		};
/* End PBXResourcesBuildPhase section */

/* Begin PBXShellScriptBuildPhase section */
		2C5ACE094DB282199E3900B8 /* [CP] Check Pods Manifest.lock */ = {
			isa = PBXShellScriptBuildPhase;
			buildActionMask = 2147483647;
			files = (
			);
			inputFileListPaths = (
			);
			inputPaths = (
				"${PODS_PODFILE_DIR_PATH}/Podfile.lock",
				"${PODS_ROOT}/Manifest.lock",
			);
			name = "[CP] Check Pods Manifest.lock";
			outputFileListPaths = (
			);
			outputPaths = (
				"$(DERIVED_FILE_DIR)/Pods-MockingBird-checkManifestLockResult.txt",
			);
			runOnlyForDeploymentPostprocessing = 0;
			shellPath = /bin/sh;
			shellScript = "diff \"${PODS_PODFILE_DIR_PATH}/Podfile.lock\" \"${PODS_ROOT}/Manifest.lock\" > /dev/null\nif [ $? != 0 ] ; then\n    # print error to STDERR\n    echo \"error: The sandbox is not in sync with the Podfile.lock. Run 'pod install' or update your CocoaPods installation.\" >&2\n    exit 1\nfi\n# This output is used by Xcode 'outputs' to avoid re-running this script phase.\necho \"SUCCESS\" > \"${SCRIPT_OUTPUT_FILE_0}\"\n";
			showEnvVarsInLog = 0;
		};
		3BF046654F48F013D9FDD435 /* [CP] Embed Pods Frameworks */ = {
			isa = PBXShellScriptBuildPhase;
			buildActionMask = 2147483647;
			files = (
			);
			inputFileListPaths = (
			);
			inputPaths = (
				"${PODS_ROOT}/Target Support Files/Pods-MockingBird/Pods-MockingBird-frameworks.sh",
				"${BUILT_PRODUCTS_DIR}/Realm/Realm.framework",
				"${BUILT_PRODUCTS_DIR}/RealmSwift/RealmSwift.framework",
				"${BUILT_PRODUCTS_DIR}/SwipeCellKit/SwipeCellKit.framework",
			);
			name = "[CP] Embed Pods Frameworks";
			outputFileListPaths = (
			);
			outputPaths = (
				"${TARGET_BUILD_DIR}/${FRAMEWORKS_FOLDER_PATH}/Realm.framework",
				"${TARGET_BUILD_DIR}/${FRAMEWORKS_FOLDER_PATH}/RealmSwift.framework",
				"${TARGET_BUILD_DIR}/${FRAMEWORKS_FOLDER_PATH}/SwipeCellKit.framework",
			);
			runOnlyForDeploymentPostprocessing = 0;
			shellPath = /bin/sh;
			shellScript = "\"${PODS_ROOT}/Target Support Files/Pods-MockingBird/Pods-MockingBird-frameworks.sh\"\n";
			showEnvVarsInLog = 0;
		};
/* End PBXShellScriptBuildPhase section */

/* Begin PBXSourcesBuildPhase section */
		B1EC4F92222F3D1D00AB86A2 /* Sources */ = {
			isa = PBXSourcesBuildPhase;
			buildActionMask = 2147483647;
			files = (
				B1EC4F9C222F3D1D00AB86A2 /* ViewController.swift in Sources */,
				B1EC4F9A222F3D1D00AB86A2 /* AppDelegate.swift in Sources */,
			);
			runOnlyForDeploymentPostprocessing = 0;
		};
/* End PBXSourcesBuildPhase section */

/* Begin PBXVariantGroup section */
		B1EC4F9D222F3D1D00AB86A2 /* Main.storyboard */ = {
			isa = PBXVariantGroup;
			children = (
				B1EC4F9E222F3D1D00AB86A2 /* Base */,
			);
			name = Main.storyboard;
			sourceTree = "<group>";
		};
		B1EC4FA2222F3D1E00AB86A2 /* LaunchScreen.storyboard */ = {
			isa = PBXVariantGroup;
			children = (
				B1EC4FA3222F3D1E00AB86A2 /* Base */,
			);
			name = LaunchScreen.storyboard;
			sourceTree = "<group>";
		};
/* End PBXVariantGroup section */

/* Begin XCBuildConfiguration section */
		B1EC4FA6222F3D1E00AB86A2 /* Debug */ = {
			isa = XCBuildConfiguration;
			buildSettings = {
				ALWAYS_SEARCH_USER_PATHS = NO;
				CLANG_ANALYZER_NONNULL = YES;
				CLANG_ANALYZER_NUMBER_OBJECT_CONVERSION = YES_AGGRESSIVE;
				CLANG_CXX_LANGUAGE_STANDARD = "gnu++14";
				CLANG_CXX_LIBRARY = "libc++";
				CLANG_ENABLE_MODULES = YES;
				CLANG_ENABLE_OBJC_ARC = YES;
				CLANG_ENABLE_OBJC_WEAK = YES;
				CLANG_WARN_BLOCK_CAPTURE_AUTORELEASING = YES;
				CLANG_WARN_BOOL_CONVERSION = YES;
				CLANG_WARN_COMMA = YES;
				CLANG_WARN_CONSTANT_CONVERSION = YES;
				CLANG_WARN_DEPRECATED_OBJC_IMPLEMENTATIONS = YES;
				CLANG_WARN_DIRECT_OBJC_ISA_USAGE = YES_ERROR;
				CLANG_WARN_DOCUMENTATION_COMMENTS = YES;
				CLANG_WARN_EMPTY_BODY = YES;
				CLANG_WARN_ENUM_CONVERSION = YES;
				CLANG_WARN_INFINITE_RECURSION = YES;
				CLANG_WARN_INT_CONVERSION = YES;
				CLANG_WARN_NON_LITERAL_NULL_CONVERSION = YES;
				CLANG_WARN_OBJC_IMPLICIT_RETAIN_SELF = YES;
				CLANG_WARN_OBJC_LITERAL_CONVERSION = YES;
				CLANG_WARN_OBJC_ROOT_CLASS = YES_ERROR;
				CLANG_WARN_RANGE_LOOP_ANALYSIS = YES;
				CLANG_WARN_STRICT_PROTOTYPES = YES;
				CLANG_WARN_SUSPICIOUS_MOVE = YES;
				CLANG_WARN_UNGUARDED_AVAILABILITY = YES_AGGRESSIVE;
				CLANG_WARN_UNREACHABLE_CODE = YES;
				CLANG_WARN__DUPLICATE_METHOD_MATCH = YES;
				CODE_SIGN_IDENTITY = "iPhone Developer";
				COPY_PHASE_STRIP = NO;
				DEBUG_INFORMATION_FORMAT = dwarf;
				ENABLE_STRICT_OBJC_MSGSEND = YES;
				ENABLE_TESTABILITY = YES;
				GCC_C_LANGUAGE_STANDARD = gnu11;
				GCC_DYNAMIC_NO_PIC = NO;
				GCC_NO_COMMON_BLOCKS = YES;
				GCC_OPTIMIZATION_LEVEL = 0;
				GCC_PREPROCESSOR_DEFINITIONS = (
					"DEBUG=1",
					"$(inherited)",
				);
				GCC_WARN_64_TO_32_BIT_CONVERSION = YES;
				GCC_WARN_ABOUT_RETURN_TYPE = YES_ERROR;
				GCC_WARN_UNDECLARED_SELECTOR = YES;
				GCC_WARN_UNINITIALIZED_AUTOS = YES_AGGRESSIVE;
				GCC_WARN_UNUSED_FUNCTION = YES;
				GCC_WARN_UNUSED_VARIABLE = YES;
				IPHONEOS_DEPLOYMENT_TARGET = 12.1;
				MTL_ENABLE_DEBUG_INFO = INCLUDE_SOURCE;
				MTL_FAST_MATH = YES;
				ONLY_ACTIVE_ARCH = YES;
				SDKROOT = iphoneos;
				SWIFT_ACTIVE_COMPILATION_CONDITIONS = DEBUG;
				SWIFT_OPTIMIZATION_LEVEL = "-Onone";
			};
			name = Debug;
		};
		B1EC4FA7222F3D1E00AB86A2 /* Release */ = {
			isa = XCBuildConfiguration;
			buildSettings = {
				ALWAYS_SEARCH_USER_PATHS = NO;
				CLANG_ANALYZER_NONNULL = YES;
				CLANG_ANALYZER_NUMBER_OBJECT_CONVERSION = YES_AGGRESSIVE;
				CLANG_CXX_LANGUAGE_STANDARD = "gnu++14";
				CLANG_CXX_LIBRARY = "libc++";
				CLANG_ENABLE_MODULES = YES;
				CLANG_ENABLE_OBJC_ARC = YES;
				CLANG_ENABLE_OBJC_WEAK = YES;
				CLANG_WARN_BLOCK_CAPTURE_AUTORELEASING = YES;
				CLANG_WARN_BOOL_CONVERSION = YES;
				CLANG_WARN_COMMA = YES;
				CLANG_WARN_CONSTANT_CONVERSION = YES;
				CLANG_WARN_DEPRECATED_OBJC_IMPLEMENTATIONS = YES;
				CLANG_WARN_DIRECT_OBJC_ISA_USAGE = YES_ERROR;
				CLANG_WARN_DOCUMENTATION_COMMENTS = YES;
				CLANG_WARN_EMPTY_BODY = YES;
				CLANG_WARN_ENUM_CONVERSION = YES;
				CLANG_WARN_INFINITE_RECURSION = YES;
				CLANG_WARN_INT_CONVERSION = YES;
				CLANG_WARN_NON_LITERAL_NULL_CONVERSION = YES;
				CLANG_WARN_OBJC_IMPLICIT_RETAIN_SELF = YES;
				CLANG_WARN_OBJC_LITERAL_CONVERSION = YES;
				CLANG_WARN_OBJC_ROOT_CLASS = YES_ERROR;
				CLANG_WARN_RANGE_LOOP_ANALYSIS = YES;
				CLANG_WARN_STRICT_PROTOTYPES = YES;
				CLANG_WARN_SUSPICIOUS_MOVE = YES;
				CLANG_WARN_UNGUARDED_AVAILABILITY = YES_AGGRESSIVE;
				CLANG_WARN_UNREACHABLE_CODE = YES;
				CLANG_WARN__DUPLICATE_METHOD_MATCH = YES;
				CODE_SIGN_IDENTITY = "iPhone Developer";
				COPY_PHASE_STRIP = NO;
				DEBUG_INFORMATION_FORMAT = "dwarf-with-dsym";
				ENABLE_NS_ASSERTIONS = NO;
				ENABLE_STRICT_OBJC_MSGSEND = YES;
				GCC_C_LANGUAGE_STANDARD = gnu11;
				GCC_NO_COMMON_BLOCKS = YES;
				GCC_WARN_64_TO_32_BIT_CONVERSION = YES;
				GCC_WARN_ABOUT_RETURN_TYPE = YES_ERROR;
				GCC_WARN_UNDECLARED_SELECTOR = YES;
				GCC_WARN_UNINITIALIZED_AUTOS = YES_AGGRESSIVE;
				GCC_WARN_UNUSED_FUNCTION = YES;
				GCC_WARN_UNUSED_VARIABLE = YES;
				IPHONEOS_DEPLOYMENT_TARGET = 12.1;
				MTL_ENABLE_DEBUG_INFO = NO;
				MTL_FAST_MATH = YES;
				SDKROOT = iphoneos;
				SWIFT_COMPILATION_MODE = wholemodule;
				SWIFT_OPTIMIZATION_LEVEL = "-O";
				VALIDATE_PRODUCT = YES;
			};
			name = Release;
		};
		B1EC4FA9222F3D1E00AB86A2 /* Debug */ = {
			isa = XCBuildConfiguration;
			baseConfigurationReference = C46ED854D6AA21586A02142B /* Pods-MockingBird.debug.xcconfig */;
			buildSettings = {
				ASSETCATALOG_COMPILER_APPICON_NAME = AppIcon;
				CODE_SIGN_STYLE = Automatic;
				DEVELOPMENT_TEAM = S7XAGB7UHD;
				INFOPLIST_FILE = MockingBird/Info.plist;
				LD_RUNPATH_SEARCH_PATHS = (
					"$(inherited)",
					"@executable_path/Frameworks",
				);
				PRODUCT_BUNDLE_IDENTIFIER = dakota.com.MockingBird;
				PRODUCT_NAME = "$(TARGET_NAME)";
				SWIFT_VERSION = 4.2;
				TARGETED_DEVICE_FAMILY = "1,2";
			};
			name = Debug;
		};
		B1EC4FAA222F3D1E00AB86A2 /* Release */ = {
			isa = XCBuildConfiguration;
			baseConfigurationReference = 666D4C9B52EA5C0BA2FB5B3F /* Pods-MockingBird.release.xcconfig */;
			buildSettings = {
				ASSETCATALOG_COMPILER_APPICON_NAME = AppIcon;
				CODE_SIGN_STYLE = Automatic;
				DEVELOPMENT_TEAM = S7XAGB7UHD;
				INFOPLIST_FILE = MockingBird/Info.plist;
				LD_RUNPATH_SEARCH_PATHS = (
					"$(inherited)",
					"@executable_path/Frameworks",
				);
				PRODUCT_BUNDLE_IDENTIFIER = dakota.com.MockingBird;
				PRODUCT_NAME = "$(TARGET_NAME)";
				SWIFT_VERSION = 4.2;
				TARGETED_DEVICE_FAMILY = "1,2";
			};
			name = Release;
		};
/* End XCBuildConfiguration section */

/* Begin XCConfigurationList section */
		B1EC4F91222F3D1D00AB86A2 /* Build configuration list for PBXProject "MockingBird" */ = {
			isa = XCConfigurationList;
			buildConfigurations = (
				B1EC4FA6222F3D1E00AB86A2 /* Debug */,
				B1EC4FA7222F3D1E00AB86A2 /* Release */,
			);
			defaultConfigurationIsVisible = 0;
			defaultConfigurationName = Release;
		};
		B1EC4FA8222F3D1E00AB86A2 /* Build configuration list for PBXNativeTarget "MockingBird" */ = {
			isa = XCConfigurationList;
			buildConfigurations = (
				B1EC4FA9222F3D1E00AB86A2 /* Debug */,
				B1EC4FAA222F3D1E00AB86A2 /* Release */,
			);
			defaultConfigurationIsVisible = 0;
			defaultConfigurationName = Release;
		};
/* End XCConfigurationList section */
	};
	rootObject = B1EC4F8E222F3D1D00AB86A2 /* Project object */;
}
